PODS:
  - Kingfisher (4.10.0)
  - SnapKit (4.0.1)
  - TSUtility (1.0.6)

DEPENDENCIES:
  - Kingfisher
  - SnapKit
  - TSUtility

SPEC REPOS:
  http://gitlab.caiqr.com/zhangjunjie/ExchangePodSpecs.git:
    - TSUtility
  https://github.com/cocoapods/specs.git:
    - Kingfisher
    - SnapKit

SPEC CHECKSUMS:
  Kingfisher: 43c4b802d8b5256cf1f4379e9cd10b329be6d3e2
  SnapKit: 0de968a9fec17499afa29683b05d0c775b6d1c29
  TSUtility: 06df261ebf0398a99d4d96dfd519fd16ef4f3bcb

PODFILE CHECKSUM: aa1e22b2f19d0dcca2a4658564dfaf2404824f52

COCOAPODS: 1.5.2
